// !$*UTF8*$!
{
	archiveVersion = 1;
	classes = {
	};
	objectVersion = 46;
	objects = {

/* Begin PBXBuildFile section */
		4C5BF48C5B9A12D22FE10AB6 /* Pods_Lookout.framework in Frameworks */ = {isa = PBXBuildFile; fileRef = 9203B3DC0F7852FEE61941CB /* Pods_Lookout.framework */; };
		B50467FA1DCB0A0A00548E54 /* HospitalMapViewController.swift in Sources */ = {isa = PBXBuildFile; fileRef = B50467F91DCB0A0A00548E54 /* HospitalMapViewController.swift */; };
		B51BDBB21DB8A11600069289 /* CoreMotionManager.swift in Sources */ = {isa = PBXBuildFile; fileRef = B51BDBB11DB8A11600069289 /* CoreMotionManager.swift */; };
		B51BDBB41DB8C05D00069289 /* SuperViewController.swift in Sources */ = {isa = PBXBuildFile; fileRef = B51BDBB31DB8C05D00069289 /* SuperViewController.swift */; };
		B52C04181DA232E900A5CC06 /* ProfileViewController.swift in Sources */ = {isa = PBXBuildFile; fileRef = B52C04171DA232E900A5CC06 /* ProfileViewController.swift */; };
		B53D9B9C1DBB4F9200606817 /* AppDelegate.swift in Sources */ = {isa = PBXBuildFile; fileRef = B5C874581D93D73C00D192D9 /* AppDelegate.swift */; };
		B542D1961DC1AF6300F09B61 /* ContactsCollectionViewCell.swift in Sources */ = {isa = PBXBuildFile; fileRef = B542D1951DC1AF6300F09B61 /* ContactsCollectionViewCell.swift */; };
		B56F06511DBA1BAD00427337 /* GoogleService-Info.plist in Resources */ = {isa = PBXBuildFile; fileRef = B56F06501DBA1BAD00427337 /* GoogleService-Info.plist */; };
		B578DF531D9E34D9002E5439 /* NewContactViewController.swift in Sources */ = {isa = PBXBuildFile; fileRef = B578DF521D9E34D9002E5439 /* NewContactViewController.swift */; };
		B578DF5D1D9E3C36002E5439 /* CoreDataManager.swift in Sources */ = {isa = PBXBuildFile; fileRef = B578DF5C1D9E3C36002E5439 /* CoreDataManager.swift */; };
		B578DF601D9E4630002E5439 /* Contact+CoreDataProperties.swift in Sources */ = {isa = PBXBuildFile; fileRef = B578DF5E1D9E4630002E5439 /* Contact+CoreDataProperties.swift */; };
		B578DF611D9E4630002E5439 /* Contact.swift in Sources */ = {isa = PBXBuildFile; fileRef = B578DF5F1D9E4630002E5439 /* Contact.swift */; };
		B57BC9611DD0359C0034ABF3 /* ChartViewModel.swift in Sources */ = {isa = PBXBuildFile; fileRef = B57BC9601DD0359C0034ABF3 /* ChartViewModel.swift */; };
		B5BFA9031D95222600496D13 /* SendAlertViewController.swift in Sources */ = {isa = PBXBuildFile; fileRef = B5BFA9021D95222600496D13 /* SendAlertViewController.swift */; };
		B5C8264D1D9A7241000E9514 /* SignInViewController.swift in Sources */ = {isa = PBXBuildFile; fileRef = B5C8264C1D9A7241000E9514 /* SignInViewController.swift */; };
		B5C8264F1D9A7415000E9514 /* AppState.swift in Sources */ = {isa = PBXBuildFile; fileRef = B5C8264E1D9A7415000E9514 /* AppState.swift */; };
		B5C826511D9A746F000E9514 /* Constants.swift in Sources */ = {isa = PBXBuildFile; fileRef = B5C826501D9A746F000E9514 /* Constants.swift */; };
		B5C8745E1D93D73C00D192D9 /* Main.storyboard in Resources */ = {isa = PBXBuildFile; fileRef = B5C8745C1D93D73C00D192D9 /* Main.storyboard */; };
		B5C874611D93D73C00D192D9 /* Lookout.xcdatamodeld in Sources */ = {isa = PBXBuildFile; fileRef = B5C8745F1D93D73C00D192D9 /* Lookout.xcdatamodeld */; };
		B5C874631D93D73C00D192D9 /* Assets.xcassets in Resources */ = {isa = PBXBuildFile; fileRef = B5C874621D93D73C00D192D9 /* Assets.xcassets */; };
		B5C874661D93D73C00D192D9 /* LaunchScreen.storyboard in Resources */ = {isa = PBXBuildFile; fileRef = B5C874641D93D73C00D192D9 /* LaunchScreen.storyboard */; };
		B5CBA2571DBF5A440056A2F9 /* AccountKit.framework in Frameworks */ = {isa = PBXBuildFile; fileRef = B5CBA2551DBF5A440056A2F9 /* AccountKit.framework */; };
		B5CBA2581DBF5A440056A2F9 /* AccountKitStrings.bundle in Resources */ = {isa = PBXBuildFile; fileRef = B5CBA2561DBF5A440056A2F9 /* AccountKitStrings.bundle */; };
		B5F1E4B41D9FF84C0007F663 /* CoreMotionViewController.swift in Sources */ = {isa = PBXBuildFile; fileRef = B5F1E4B31D9FF84C0007F663 /* CoreMotionViewController.swift */; };
		B5F313A91DB382B7007284D4 /* Events+CoreDataProperties.swift in Sources */ = {isa = PBXBuildFile; fileRef = B5F313A71DB382B7007284D4 /* Events+CoreDataProperties.swift */; };
		B5F313AA1DB382B7007284D4 /* Events.swift in Sources */ = {isa = PBXBuildFile; fileRef = B5F313A81DB382B7007284D4 /* Events.swift */; };
		B5F313AC1DB388CB007284D4 /* Event.swift in Sources */ = {isa = PBXBuildFile; fileRef = B5F313AB1DB388CB007284D4 /* Event.swift */; };
		B5F313AE1DB38DD7007284D4 /* EventCoreDataManager.swift in Sources */ = {isa = PBXBuildFile; fileRef = B5F313AD1DB38DD7007284D4 /* EventCoreDataManager.swift */; };
		B5F313B01DB39344007284D4 /* EventsTableViewCell.swift in Sources */ = {isa = PBXBuildFile; fileRef = B5F313AF1DB39344007284D4 /* EventsTableViewCell.swift */; };
		B5F916571D98F01200CD01EB /* Person.swift in Sources */ = {isa = PBXBuildFile; fileRef = B5F916561D98F01200CD01EB /* Person.swift */; };
		B5F9166A1D9937AE00CD01EB /* ContactsMapViewController.swift in Sources */ = {isa = PBXBuildFile; fileRef = B5F916691D9937AE00CD01EB /* ContactsMapViewController.swift */; };
		B5FD5C071DB4E3A400C9D922 /* EventMapViewController.swift in Sources */ = {isa = PBXBuildFile; fileRef = B5FD5C061DB4E3A400C9D922 /* EventMapViewController.swift */; };
/* End PBXBuildFile section */

/* Begin PBXFileReference section */
		6D0D8A8FB8E79E681346CB3A /* Pods-Lookout.release.xcconfig */ = {isa = PBXFileReference; includeInIndex = 1; lastKnownFileType = text.xcconfig; name = "Pods-Lookout.release.xcconfig"; path = "Pods/Target Support Files/Pods-Lookout/Pods-Lookout.release.xcconfig"; sourceTree = "<group>"; };
		8B78175BA6B2CC03E1FB14C1 /* Pods-Lookout.debug.xcconfig */ = {isa = PBXFileReference; includeInIndex = 1; lastKnownFileType = text.xcconfig; name = "Pods-Lookout.debug.xcconfig"; path = "Pods/Target Support Files/Pods-Lookout/Pods-Lookout.debug.xcconfig"; sourceTree = "<group>"; };
		9203B3DC0F7852FEE61941CB /* Pods_Lookout.framework */ = {isa = PBXFileReference; explicitFileType = wrapper.framework; includeInIndex = 0; path = Pods_Lookout.framework; sourceTree = BUILT_PRODUCTS_DIR; };
		B50467F91DCB0A0A00548E54 /* HospitalMapViewController.swift */ = {isa = PBXFileReference; fileEncoding = 4; lastKnownFileType = sourcecode.swift; path = HospitalMapViewController.swift; sourceTree = "<group>"; };
		B51BDBB11DB8A11600069289 /* CoreMotionManager.swift */ = {isa = PBXFileReference; fileEncoding = 4; lastKnownFileType = sourcecode.swift; path = CoreMotionManager.swift; sourceTree = "<group>"; };
		B51BDBB31DB8C05D00069289 /* SuperViewController.swift */ = {isa = PBXFileReference; fileEncoding = 4; lastKnownFileType = sourcecode.swift; path = SuperViewController.swift; sourceTree = "<group>"; };
		B52C04171DA232E900A5CC06 /* ProfileViewController.swift */ = {isa = PBXFileReference; fileEncoding = 4; lastKnownFileType = sourcecode.swift; path = ProfileViewController.swift; sourceTree = "<group>"; };
		B542D1951DC1AF6300F09B61 /* ContactsCollectionViewCell.swift */ = {isa = PBXFileReference; fileEncoding = 4; lastKnownFileType = sourcecode.swift; path = ContactsCollectionViewCell.swift; sourceTree = "<group>"; };
		B56F06501DBA1BAD00427337 /* GoogleService-Info.plist */ = {isa = PBXFileReference; fileEncoding = 4; lastKnownFileType = text.plist.xml; path = "GoogleService-Info.plist"; sourceTree = "<group>"; };
		B578DF521D9E34D9002E5439 /* NewContactViewController.swift */ = {isa = PBXFileReference; fileEncoding = 4; lastKnownFileType = sourcecode.swift; path = NewContactViewController.swift; sourceTree = "<group>"; };
		B578DF5C1D9E3C36002E5439 /* CoreDataManager.swift */ = {isa = PBXFileReference; fileEncoding = 4; lastKnownFileType = sourcecode.swift; path = CoreDataManager.swift; sourceTree = "<group>"; };
		B578DF5E1D9E4630002E5439 /* Contact+CoreDataProperties.swift */ = {isa = PBXFileReference; fileEncoding = 4; lastKnownFileType = sourcecode.swift; name = "Contact+CoreDataProperties.swift"; path = "../Contact+CoreDataProperties.swift"; sourceTree = "<group>"; };
		B578DF5F1D9E4630002E5439 /* Contact.swift */ = {isa = PBXFileReference; fileEncoding = 4; lastKnownFileType = sourcecode.swift; name = Contact.swift; path = ../Contact.swift; sourceTree = "<group>"; };
		B57BC9601DD0359C0034ABF3 /* ChartViewModel.swift */ = {isa = PBXFileReference; fileEncoding = 4; lastKnownFileType = sourcecode.swift; path = ChartViewModel.swift; sourceTree = "<group>"; };
		B5BFA9021D95222600496D13 /* SendAlertViewController.swift */ = {isa = PBXFileReference; fileEncoding = 4; lastKnownFileType = sourcecode.swift; path = SendAlertViewController.swift; sourceTree = "<group>"; };
		B5C8264C1D9A7241000E9514 /* SignInViewController.swift */ = {isa = PBXFileReference; fileEncoding = 4; lastKnownFileType = sourcecode.swift; path = SignInViewController.swift; sourceTree = "<group>"; };
		B5C8264E1D9A7415000E9514 /* AppState.swift */ = {isa = PBXFileReference; fileEncoding = 4; lastKnownFileType = sourcecode.swift; path = AppState.swift; sourceTree = "<group>"; };
		B5C826501D9A746F000E9514 /* Constants.swift */ = {isa = PBXFileReference; fileEncoding = 4; lastKnownFileType = sourcecode.swift; path = Constants.swift; sourceTree = "<group>"; };
		B5C874551D93D73C00D192D9 /* Lookout.app */ = {isa = PBXFileReference; explicitFileType = wrapper.application; includeInIndex = 0; path = Lookout.app; sourceTree = BUILT_PRODUCTS_DIR; };
		B5C874581D93D73C00D192D9 /* AppDelegate.swift */ = {isa = PBXFileReference; lastKnownFileType = sourcecode.swift; path = AppDelegate.swift; sourceTree = "<group>"; };
		B5C8745D1D93D73C00D192D9 /* Base */ = {isa = PBXFileReference; lastKnownFileType = file.storyboard; name = Base; path = Base.lproj/Main.storyboard; sourceTree = "<group>"; };
		B5C874601D93D73C00D192D9 /* Lookout.xcdatamodel */ = {isa = PBXFileReference; lastKnownFileType = wrapper.xcdatamodel; path = Lookout.xcdatamodel; sourceTree = "<group>"; };
		B5C874621D93D73C00D192D9 /* Assets.xcassets */ = {isa = PBXFileReference; lastKnownFileType = folder.assetcatalog; path = Assets.xcassets; sourceTree = "<group>"; };
		B5C874651D93D73C00D192D9 /* Base */ = {isa = PBXFileReference; lastKnownFileType = file.storyboard; name = Base; path = Base.lproj/LaunchScreen.storyboard; sourceTree = "<group>"; };
		B5C874671D93D73C00D192D9 /* Info.plist */ = {isa = PBXFileReference; lastKnownFileType = text.plist.xml; path = Info.plist; sourceTree = "<group>"; };
		B5CBA2551DBF5A440056A2F9 /* AccountKit.framework */ = {isa = PBXFileReference; lastKnownFileType = wrapper.framework; path = AccountKit.framework; sourceTree = "<group>"; };
		B5CBA2561DBF5A440056A2F9 /* AccountKitStrings.bundle */ = {isa = PBXFileReference; lastKnownFileType = "wrapper.plug-in"; path = AccountKitStrings.bundle; sourceTree = "<group>"; };
		B5E776361DA3870800F0A0E1 /* Lookout-Bridging-Header.h */ = {isa = PBXFileReference; lastKnownFileType = sourcecode.c.h; name = "Lookout-Bridging-Header.h"; path = "Lookout/Lookout-Bridging-Header.h"; sourceTree = SOURCE_ROOT; };
		B5F1E4B31D9FF84C0007F663 /* CoreMotionViewController.swift */ = {isa = PBXFileReference; fileEncoding = 4; lastKnownFileType = sourcecode.swift; path = CoreMotionViewController.swift; sourceTree = "<group>"; };
		B5F313A71DB382B7007284D4 /* Events+CoreDataProperties.swift */ = {isa = PBXFileReference; fileEncoding = 4; lastKnownFileType = sourcecode.swift; name = "Events+CoreDataProperties.swift"; path = "../Events+CoreDataProperties.swift"; sourceTree = "<group>"; };
		B5F313A81DB382B7007284D4 /* Events.swift */ = {isa = PBXFileReference; fileEncoding = 4; lastKnownFileType = sourcecode.swift; name = Events.swift; path = ../Events.swift; sourceTree = "<group>"; };
		B5F313AB1DB388CB007284D4 /* Event.swift */ = {isa = PBXFileReference; fileEncoding = 4; lastKnownFileType = sourcecode.swift; path = Event.swift; sourceTree = "<group>"; };
		B5F313AD1DB38DD7007284D4 /* EventCoreDataManager.swift */ = {isa = PBXFileReference; fileEncoding = 4; lastKnownFileType = sourcecode.swift; path = EventCoreDataManager.swift; sourceTree = "<group>"; };
		B5F313AF1DB39344007284D4 /* EventsTableViewCell.swift */ = {isa = PBXFileReference; fileEncoding = 4; lastKnownFileType = sourcecode.swift; path = EventsTableViewCell.swift; sourceTree = "<group>"; };
		B5F916561D98F01200CD01EB /* Person.swift */ = {isa = PBXFileReference; fileEncoding = 4; lastKnownFileType = sourcecode.swift; path = Person.swift; sourceTree = "<group>"; };
		B5F916691D9937AE00CD01EB /* ContactsMapViewController.swift */ = {isa = PBXFileReference; fileEncoding = 4; lastKnownFileType = sourcecode.swift; path = ContactsMapViewController.swift; sourceTree = "<group>"; };
		B5FD5C061DB4E3A400C9D922 /* EventMapViewController.swift */ = {isa = PBXFileReference; fileEncoding = 4; lastKnownFileType = sourcecode.swift; path = EventMapViewController.swift; sourceTree = "<group>"; };
/* End PBXFileReference section */

/* Begin PBXFrameworksBuildPhase section */
		B5C874521D93D73C00D192D9 /* Frameworks */ = {
			isa = PBXFrameworksBuildPhase;
			buildActionMask = 2147483647;
			files = (
				4C5BF48C5B9A12D22FE10AB6 /* Pods_Lookout.framework in Frameworks */,
				B5CBA2571DBF5A440056A2F9 /* AccountKit.framework in Frameworks */,
			);
			runOnlyForDeploymentPostprocessing = 0;
		};
/* End PBXFrameworksBuildPhase section */

/* Begin PBXGroup section */
		1DE3C6ADBF80358539E595EE /* Pods */ = {
			isa = PBXGroup;
			children = (
				8B78175BA6B2CC03E1FB14C1 /* Pods-Lookout.debug.xcconfig */,
				6D0D8A8FB8E79E681346CB3A /* Pods-Lookout.release.xcconfig */,
			);
			name = Pods;
			sourceTree = "<group>";
		};
		6D98EEB4F6E999360F743E78 /* Frameworks */ = {
			isa = PBXGroup;
			children = (
				B5CBA2551DBF5A440056A2F9 /* AccountKit.framework */,
				B5CBA2561DBF5A440056A2F9 /* AccountKitStrings.bundle */,
				9203B3DC0F7852FEE61941CB /* Pods_Lookout.framework */,
			);
			name = Frameworks;
			sourceTree = "<group>";
		};
		B50467F21DC9BAE900548E54 /* Tab Bar */ = {
			isa = PBXGroup;
			children = (
				B51BDBB31DB8C05D00069289 /* SuperViewController.swift */,
			);
			name = "Tab Bar";
			sourceTree = "<group>";
		};
		B50467F31DC9BB5B00548E54 /* Detection */ = {
			isa = PBXGroup;
			children = (
				B5F313AF1DB39344007284D4 /* EventsTableViewCell.swift */,
				B5FD5C061DB4E3A400C9D922 /* EventMapViewController.swift */,
				B5F1E4B31D9FF84C0007F663 /* CoreMotionViewController.swift */,
				B51BDBB11DB8A11600069289 /* CoreMotionManager.swift */,
				B57BC9601DD0359C0034ABF3 /* ChartViewModel.swift */,
			);
			name = Detection;
			sourceTree = "<group>";
		};
		B50467F41DC9BBD700548E54 /* Core Data */ = {
			isa = PBXGroup;
			children = (
				B5F313A71DB382B7007284D4 /* Events+CoreDataProperties.swift */,
				B5F313A81DB382B7007284D4 /* Events.swift */,
				B578DF5E1D9E4630002E5439 /* Contact+CoreDataProperties.swift */,
				B578DF5F1D9E4630002E5439 /* Contact.swift */,
				B578DF5C1D9E3C36002E5439 /* CoreDataManager.swift */,
				B5F313AD1DB38DD7007284D4 /* EventCoreDataManager.swift */,
			);
			name = "Core Data";
			sourceTree = "<group>";
		};
		B50467F51DC9BC4A00548E54 /* User */ = {
			isa = PBXGroup;
			children = (
				B5C8264C1D9A7241000E9514 /* SignInViewController.swift */,
				B52C04171DA232E900A5CC06 /* ProfileViewController.swift */,
			);
			name = User;
			sourceTree = "<group>";
		};
		B50467F61DC9BCDD00548E54 /* Contact */ = {
			isa = PBXGroup;
			children = (
				B578DF521D9E34D9002E5439 /* NewContactViewController.swift */,
				B5F916691D9937AE00CD01EB /* ContactsMapViewController.swift */,
			);
			name = Contact;
			sourceTree = "<group>";
		};
		B57BC95D1DD033A40034ABF3 /* Main */ = {
			isa = PBXGroup;
			children = (
				B5BFA9021D95222600496D13 /* SendAlertViewController.swift */,
				B50467F91DCB0A0A00548E54 /* HospitalMapViewController.swift */,
				B542D1951DC1AF6300F09B61 /* ContactsCollectionViewCell.swift */,
			);
			name = Main;
			sourceTree = "<group>";
		};
		B5C8744C1D93D73C00D192D9 = {
			isa = PBXGroup;
			children = (
				B5C874571D93D73C00D192D9 /* Lookout */,
				B5C874561D93D73C00D192D9 /* Products */,
				1DE3C6ADBF80358539E595EE /* Pods */,
				6D98EEB4F6E999360F743E78 /* Frameworks */,
			);
			sourceTree = "<group>";
		};
		B5C874561D93D73C00D192D9 /* Products */ = {
			isa = PBXGroup;
			children = (
				B5C874551D93D73C00D192D9 /* Lookout.app */,
			);
			name = Products;
			sourceTree = "<group>";
		};
		B5C874571D93D73C00D192D9 /* Lookout */ = {
			isa = PBXGroup;
			children = (
				B50467F21DC9BAE900548E54 /* Tab Bar */,
				B50467F31DC9BB5B00548E54 /* Detection */,
				B50467F51DC9BC4A00548E54 /* User */,
				B50467F61DC9BCDD00548E54 /* Contact */,
				B57BC95D1DD033A40034ABF3 /* Main */,
				B5C826501D9A746F000E9514 /* Constants.swift */,
				B5C8264E1D9A7415000E9514 /* AppState.swift */,
				B5F916561D98F01200CD01EB /* Person.swift */,
				B5F313AB1DB388CB007284D4 /* Event.swift */,
				B5C8745F1D93D73C00D192D9 /* Lookout.xcdatamodeld */,
				B50467F41DC9BBD700548E54 /* Core Data */,
				B5E776361DA3870800F0A0E1 /* Lookout-Bridging-Header.h */,
				B5C874581D93D73C00D192D9 /* AppDelegate.swift */,
				B5C8745C1D93D73C00D192D9 /* Main.storyboard */,
				B5C874621D93D73C00D192D9 /* Assets.xcassets */,
				B5C874641D93D73C00D192D9 /* LaunchScreen.storyboard */,
				B5C874671D93D73C00D192D9 /* Info.plist */,
				B56F06501DBA1BAD00427337 /* GoogleService-Info.plist */,
			);
			path = Lookout;
			sourceTree = "<group>";
		};
/* End PBXGroup section */

/* Begin PBXNativeTarget section */
		B5C874541D93D73C00D192D9 /* Lookout */ = {
			isa = PBXNativeTarget;
			buildConfigurationList = B5C8746A1D93D73C00D192D9 /* Build configuration list for PBXNativeTarget "Lookout" */;
			buildPhases = (
				B19480516A3CA6F2D6ECD114 /* [CP] Check Pods Manifest.lock */,
				B5C874511D93D73C00D192D9 /* Sources */,
				B5C874521D93D73C00D192D9 /* Frameworks */,
				B5C874531D93D73C00D192D9 /* Resources */,
				83F6C131CBB5B28CDDCCF957 /* [CP] Embed Pods Frameworks */,
				7C180E33E1C16818E8C7D5A1 /* [CP] Copy Pods Resources */,
				B5A1591F1DB0AAF3006AE63B /* ShellScript */,
			);
			buildRules = (
			);
			dependencies = (
			);
			name = Lookout;
			productName = Lookout;
			productReference = B5C874551D93D73C00D192D9 /* Lookout.app */;
			productType = "com.apple.product-type.application";
		};
/* End PBXNativeTarget section */

/* Begin PBXProject section */
		B5C8744D1D93D73C00D192D9 /* Project object */ = {
			isa = PBXProject;
			attributes = {
				LastSwiftUpdateCheck = 0730;
				LastUpgradeCheck = 0730;
				ORGANIZATIONNAME = "Chunkai Chan";
				TargetAttributes = {
					B5C874541D93D73C00D192D9 = {
						CreatedOnToolsVersion = 7.3.1;
						DevelopmentTeam = 7W5N8RMMG3;
						SystemCapabilities = {
							com.apple.BackgroundModes = {
								enabled = 1;
							};
							com.apple.Maps.iOS = {
								enabled = 0;
							};
							com.apple.Push = {
								enabled = 1;
							};
						};
					};
				};
			};
			buildConfigurationList = B5C874501D93D73C00D192D9 /* Build configuration list for PBXProject "Lookout" */;
			compatibilityVersion = "Xcode 3.2";
			developmentRegion = English;
			hasScannedForEncodings = 0;
			knownRegions = (
				en,
				Base,
			);
			mainGroup = B5C8744C1D93D73C00D192D9;
			productRefGroup = B5C874561D93D73C00D192D9 /* Products */;
			projectDirPath = "";
			projectRoot = "";
			targets = (
				B5C874541D93D73C00D192D9 /* Lookout */,
			);
		};
/* End PBXProject section */

/* Begin PBXResourcesBuildPhase section */
		B5C874531D93D73C00D192D9 /* Resources */ = {
			isa = PBXResourcesBuildPhase;
			buildActionMask = 2147483647;
			files = (
				B5C874661D93D73C00D192D9 /* LaunchScreen.storyboard in Resources */,
				B56F06511DBA1BAD00427337 /* GoogleService-Info.plist in Resources */,
				B5CBA2581DBF5A440056A2F9 /* AccountKitStrings.bundle in Resources */,
				B5C874631D93D73C00D192D9 /* Assets.xcassets in Resources */,
				B5C8745E1D93D73C00D192D9 /* Main.storyboard in Resources */,
			);
			runOnlyForDeploymentPostprocessing = 0;
		};
/* End PBXResourcesBuildPhase section */

/* Begin PBXShellScriptBuildPhase section */
		7C180E33E1C16818E8C7D5A1 /* [CP] Copy Pods Resources */ = {
			isa = PBXShellScriptBuildPhase;
			buildActionMask = 2147483647;
			files = (
			);
			inputPaths = (
			);
			name = "[CP] Copy Pods Resources";
			outputPaths = (
			);
			runOnlyForDeploymentPostprocessing = 0;
			shellPath = /bin/sh;
			shellScript = "\"${SRCROOT}/Pods/Target Support Files/Pods-Lookout/Pods-Lookout-resources.sh\"\n";
			showEnvVarsInLog = 0;
		};
		83F6C131CBB5B28CDDCCF957 /* [CP] Embed Pods Frameworks */ = {
			isa = PBXShellScriptBuildPhase;
			buildActionMask = 2147483647;
			files = (
			);
			inputPaths = (
			);
			name = "[CP] Embed Pods Frameworks";
			outputPaths = (
			);
			runOnlyForDeploymentPostprocessing = 0;
			shellPath = /bin/sh;
			shellScript = "\"${SRCROOT}/Pods/Target Support Files/Pods-Lookout/Pods-Lookout-frameworks.sh\"\n";
			showEnvVarsInLog = 0;
		};
		B19480516A3CA6F2D6ECD114 /* [CP] Check Pods Manifest.lock */ = {
			isa = PBXShellScriptBuildPhase;
			buildActionMask = 2147483647;
			files = (
			);
			inputPaths = (
			);
			name = "[CP] Check Pods Manifest.lock";
			outputPaths = (
			);
			runOnlyForDeploymentPostprocessing = 0;
			shellPath = /bin/sh;
			shellScript = "diff \"${PODS_ROOT}/../Podfile.lock\" \"${PODS_ROOT}/Manifest.lock\" > /dev/null\nif [[ $? != 0 ]] ; then\n    cat << EOM\nerror: The sandbox is not in sync with the Podfile.lock. Run 'pod install' or update your CocoaPods installation.\nEOM\n    exit 1\nfi\n";
			showEnvVarsInLog = 0;
		};
		B5A1591F1DB0AAF3006AE63B /* ShellScript */ = {
			isa = PBXShellScriptBuildPhase;
			buildActionMask = 2147483647;
			files = (
			);
			inputPaths = (
			);
			outputPaths = (
			);
			runOnlyForDeploymentPostprocessing = 0;
			shellPath = /bin/sh;
			shellScript = "${PODS_ROOT}/Fabric/run 6cdc6578d5485bb125dcf139586fc59858ad37d2 0280943fe97c496e476fe0dd8bf42c73d90fd65d9107d77649c9e917e5cbea67";
		};
/* End PBXShellScriptBuildPhase section */

/* Begin PBXSourcesBuildPhase section */
		B5C874511D93D73C00D192D9 /* Sources */ = {
			isa = PBXSourcesBuildPhase;
			buildActionMask = 2147483647;
			files = (
				B5C8264D1D9A7241000E9514 /* SignInViewController.swift in Sources */,
				B51BDBB41DB8C05D00069289 /* SuperViewController.swift in Sources */,
				B52C04181DA232E900A5CC06 /* ProfileViewController.swift in Sources */,
				B578DF611D9E4630002E5439 /* Contact.swift in Sources */,
				B51BDBB21DB8A11600069289 /* CoreMotionManager.swift in Sources */,
				B5F313AE1DB38DD7007284D4 /* EventCoreDataManager.swift in Sources */,
				B578DF5D1D9E3C36002E5439 /* CoreDataManager.swift in Sources */,
				B5F313B01DB39344007284D4 /* EventsTableViewCell.swift in Sources */,
				B578DF601D9E4630002E5439 /* Contact+CoreDataProperties.swift in Sources */,
				B5F313AC1DB388CB007284D4 /* Event.swift in Sources */,
				B5C8264F1D9A7415000E9514 /* AppState.swift in Sources */,
				B50467FA1DCB0A0A00548E54 /* HospitalMapViewController.swift in Sources */,
				B53D9B9C1DBB4F9200606817 /* AppDelegate.swift in Sources */,
				B5BFA9031D95222600496D13 /* SendAlertViewController.swift in Sources */,
				B5F313A91DB382B7007284D4 /* Events+CoreDataProperties.swift in Sources */,
				B542D1961DC1AF6300F09B61 /* ContactsCollectionViewCell.swift in Sources */,
				B5F313AA1DB382B7007284D4 /* Events.swift in Sources */,
				B5FD5C071DB4E3A400C9D922 /* EventMapViewController.swift in Sources */,
				B5C874611D93D73C00D192D9 /* Lookout.xcdatamodeld in Sources */,
				B5C826511D9A746F000E9514 /* Constants.swift in Sources */,
				B57BC9611DD0359C0034ABF3 /* ChartViewModel.swift in Sources */,
				B5F1E4B41D9FF84C0007F663 /* CoreMotionViewController.swift in Sources */,
				B5F916571D98F01200CD01EB /* Person.swift in Sources */,
				B5F9166A1D9937AE00CD01EB /* ContactsMapViewController.swift in Sources */,
				B578DF531D9E34D9002E5439 /* NewContactViewController.swift in Sources */,
			);
			runOnlyForDeploymentPostprocessing = 0;
		};
/* End PBXSourcesBuildPhase section */

/* Begin PBXVariantGroup section */
		B5C8745C1D93D73C00D192D9 /* Main.storyboard */ = {
			isa = PBXVariantGroup;
			children = (
				B5C8745D1D93D73C00D192D9 /* Base */,
			);
			name = Main.storyboard;
			sourceTree = "<group>";
		};
		B5C874641D93D73C00D192D9 /* LaunchScreen.storyboard */ = {
			isa = PBXVariantGroup;
			children = (
				B5C874651D93D73C00D192D9 /* Base */,
			);
			name = LaunchScreen.storyboard;
			sourceTree = "<group>";
		};
/* End PBXVariantGroup section */

/* Begin XCBuildConfiguration section */
		B5C874681D93D73C00D192D9 /* Debug */ = {
			isa = XCBuildConfiguration;
			buildSettings = {
				ALWAYS_SEARCH_USER_PATHS = NO;
				CLANG_ANALYZER_NONNULL = YES;
				CLANG_CXX_LANGUAGE_STANDARD = "gnu++0x";
				CLANG_CXX_LIBRARY = "libc++";
				CLANG_ENABLE_MODULES = YES;
				CLANG_ENABLE_OBJC_ARC = YES;
				CLANG_WARN_BOOL_CONVERSION = YES;
				CLANG_WARN_CONSTANT_CONVERSION = YES;
				CLANG_WARN_DIRECT_OBJC_ISA_USAGE = YES_ERROR;
				CLANG_WARN_EMPTY_BODY = YES;
				CLANG_WARN_ENUM_CONVERSION = YES;
				CLANG_WARN_INT_CONVERSION = YES;
				CLANG_WARN_OBJC_ROOT_CLASS = YES_ERROR;
				CLANG_WARN_UNREACHABLE_CODE = YES;
				CLANG_WARN__DUPLICATE_METHOD_MATCH = YES;
				CODE_SIGN_IDENTITY = "iPhone Developer: Chunkai Chan (8BLAPQHXU3)";
				"CODE_SIGN_IDENTITY[sdk=iphoneos*]" = "iPhone Developer";
				COPY_PHASE_STRIP = NO;
				DEBUG_INFORMATION_FORMAT = dwarf;
				ENABLE_BITCODE = NO;
				ENABLE_STRICT_OBJC_MSGSEND = YES;
				ENABLE_TESTABILITY = YES;
				GCC_C_LANGUAGE_STANDARD = gnu99;
				GCC_DYNAMIC_NO_PIC = NO;
				GCC_NO_COMMON_BLOCKS = YES;
				GCC_OPTIMIZATION_LEVEL = 0;
				GCC_PREPROCESSOR_DEFINITIONS = (
					"DEBUG=1",
					"$(inherited)",
				);
				GCC_WARN_64_TO_32_BIT_CONVERSION = YES;
				GCC_WARN_ABOUT_RETURN_TYPE = YES_ERROR;
				GCC_WARN_UNDECLARED_SELECTOR = YES;
				GCC_WARN_UNINITIALIZED_AUTOS = YES_AGGRESSIVE;
				GCC_WARN_UNUSED_FUNCTION = YES;
				GCC_WARN_UNUSED_VARIABLE = YES;
				IPHONEOS_DEPLOYMENT_TARGET = 9.3;
				MTL_ENABLE_DEBUG_INFO = YES;
				ONLY_ACTIVE_ARCH = YES;
				SDKROOT = iphoneos;
				SWIFT_OPTIMIZATION_LEVEL = "-Onone";
				TARGETED_DEVICE_FAMILY = "1,2";
				VALID_ARCHS = "arm64 armv7 armv7s";
			};
			name = Debug;
		};
		B5C874691D93D73C00D192D9 /* Release */ = {
			isa = XCBuildConfiguration;
			buildSettings = {
				ALWAYS_SEARCH_USER_PATHS = NO;
				CLANG_ANALYZER_NONNULL = YES;
				CLANG_CXX_LANGUAGE_STANDARD = "gnu++0x";
				CLANG_CXX_LIBRARY = "libc++";
				CLANG_ENABLE_MODULES = YES;
				CLANG_ENABLE_OBJC_ARC = YES;
				CLANG_WARN_BOOL_CONVERSION = YES;
				CLANG_WARN_CONSTANT_CONVERSION = YES;
				CLANG_WARN_DIRECT_OBJC_ISA_USAGE = YES_ERROR;
				CLANG_WARN_EMPTY_BODY = YES;
				CLANG_WARN_ENUM_CONVERSION = YES;
				CLANG_WARN_INT_CONVERSION = YES;
				CLANG_WARN_OBJC_ROOT_CLASS = YES_ERROR;
				CLANG_WARN_UNREACHABLE_CODE = YES;
				CLANG_WARN__DUPLICATE_METHOD_MATCH = YES;
				CODE_SIGN_IDENTITY = "iPhone Developer: Chunkai Chan (8BLAPQHXU3)";
				"CODE_SIGN_IDENTITY[sdk=iphoneos*]" = "iPhone Developer";
				COPY_PHASE_STRIP = NO;
				DEBUG_INFORMATION_FORMAT = "dwarf-with-dsym";
				ENABLE_BITCODE = NO;
				ENABLE_NS_ASSERTIONS = NO;
				ENABLE_STRICT_OBJC_MSGSEND = YES;
				GCC_C_LANGUAGE_STANDARD = gnu99;
				GCC_NO_COMMON_BLOCKS = YES;
				GCC_WARN_64_TO_32_BIT_CONVERSION = YES;
				GCC_WARN_ABOUT_RETURN_TYPE = YES_ERROR;
				GCC_WARN_UNDECLARED_SELECTOR = YES;
				GCC_WARN_UNINITIALIZED_AUTOS = YES_AGGRESSIVE;
				GCC_WARN_UNUSED_FUNCTION = YES;
				GCC_WARN_UNUSED_VARIABLE = YES;
				IPHONEOS_DEPLOYMENT_TARGET = 9.3;
				MTL_ENABLE_DEBUG_INFO = NO;
				SDKROOT = iphoneos;
				TARGETED_DEVICE_FAMILY = "1,2";
				VALIDATE_PRODUCT = YES;
				VALID_ARCHS = "arm64 armv7 armv7s";
			};
			name = Release;
		};
		B5C8746B1D93D73C00D192D9 /* Debug */ = {
			isa = XCBuildConfiguration;
			baseConfigurationReference = 8B78175BA6B2CC03E1FB14C1 /* Pods-Lookout.debug.xcconfig */;
			buildSettings = {
				ASSETCATALOG_COMPILER_APPICON_NAME = AppIcon;
				CODE_SIGN_IDENTITY = "iPhone Developer";
				"CODE_SIGN_IDENTITY[sdk=iphoneos*]" = "iPhone Developer";
				DEBUG_INFORMATION_FORMAT = "dwarf-with-dsym";
				DEFINES_MODULE = NO;
				ENABLE_BITCODE = NO;
				FRAMEWORK_SEARCH_PATHS = (
					"$(inherited)",
					"$(PROJECT_DIR)",
				);
				INFOPLIST_FILE = Lookout/Info.plist;
				LD_RUNPATH_SEARCH_PATHS = "$(inherited) @executable_path/Frameworks";
				PRODUCT_BUNDLE_IDENTIFIER = com.kylechan.lookout;
				PRODUCT_NAME = "$(TARGET_NAME)";
				PROVISIONING_PROFILE = "";
				SWIFT_OBJC_BRIDGING_HEADER = "Lookout/Lookout-Bridging-Header.h";
				TARGETED_DEVICE_FAMILY = 1;
				VALID_ARCHS = "arm64 armv7 armv7s";
			};
			name = Debug;
		};
		B5C8746C1D93D73C00D192D9 /* Release */ = {
			isa = XCBuildConfiguration;
			baseConfigurationReference = 6D0D8A8FB8E79E681346CB3A /* Pods-Lookout.release.xcconfig */;
			buildSettings = {
				ASSETCATALOG_COMPILER_APPICON_NAME = AppIcon;
				CODE_SIGN_IDENTITY = "iPhone Developer";
				"CODE_SIGN_IDENTITY[sdk=iphoneos*]" = "iPhone Developer";
				DEFINES_MODULE = NO;
				ENABLE_BITCODE = NO;
				FRAMEWORK_SEARCH_PATHS = (
					"$(inherited)",
					"$(PROJECT_DIR)",
				);
				INFOPLIST_FILE = Lookout/Info.plist;
				LD_RUNPATH_SEARCH_PATHS = "$(inherited) @executable_path/Frameworks";
				PRODUCT_BUNDLE_IDENTIFIER = com.kylechan.lookout;
				PRODUCT_NAME = "$(TARGET_NAME)";
				PROVISIONING_PROFILE = "";
				SWIFT_OBJC_BRIDGING_HEADER = "Lookout/Lookout-Bridging-Header.h";
				TARGETED_DEVICE_FAMILY = 1;
				VALID_ARCHS = "arm64 armv7 armv7s";
			};
			name = Release;
		};
/* End XCBuildConfiguration section */

/* Begin XCConfigurationList section */
		B5C874501D93D73C00D192D9 /* Build configuration list for PBXProject "Lookout" */ = {
			isa = XCConfigurationList;
			buildConfigurations = (
				B5C874681D93D73C00D192D9 /* Debug */,
				B5C874691D93D73C00D192D9 /* Release */,
			);
			defaultConfigurationIsVisible = 0;
			defaultConfigurationName = Release;
		};
		B5C8746A1D93D73C00D192D9 /* Build configuration list for PBXNativeTarget "Lookout" */ = {
			isa = XCConfigurationList;
			buildConfigurations = (
				B5C8746B1D93D73C00D192D9 /* Debug */,
				B5C8746C1D93D73C00D192D9 /* Release */,
			);
			defaultConfigurationIsVisible = 0;
			defaultConfigurationName = Release;
		};
/* End XCConfigurationList section */

/* Begin XCVersionGroup section */
		B5C8745F1D93D73C00D192D9 /* Lookout.xcdatamodeld */ = {
			isa = XCVersionGroup;
			children = (
				B5C874601D93D73C00D192D9 /* Lookout.xcdatamodel */,
			);
			currentVersion = B5C874601D93D73C00D192D9 /* Lookout.xcdatamodel */;
			path = Lookout.xcdatamodeld;
			sourceTree = "<group>";
			versionGroupType = wrapper.xcdatamodel;
		};
/* End XCVersionGroup section */
	};
	rootObject = B5C8744D1D93D73C00D192D9 /* Project object */;
}
